
Microsoft Visual Studio Solution File, Format Version 12.00
# Visual Studio Version 17
VisualStudioVersion = 17.10.35004.147
MinimumVisualStudioVersion = 10.0.40219.1
Project("{FAE04EC0-301F-11D3-BF4B-00C04F79EFBC}") = "Contacts", "Contacts.csproj", "{C026A3E5-DDE2-4094-82F7-08CD91BE3608}"
EndProject
Project("{FAE04EC0-301F-11D3-BF4B-00C04F79EFBC}") = "ContactsBusinessLayer", "..\..\2. Contacts Project - WinForms (SOLUTION)\ContactBusinessLayer\ContactsBusinessLayer.csproj", "{E533F207-E07A-4D21-90BD-95A635E42CCC}"
EndProject
Project("{FAE04EC0-301F-11D3-BF4B-00C04F79EFBC}") = "ContactsDataAccessLayer", "..\..\2. Contacts Project - WinForms (SOLUTION)\ContactsDataAccessLayer\ContactsDataAccessLayer.csproj", "{DCCC4184-857C-4F65-88B3-8E1CCEA8B9E7}"
EndProject
Global
	GlobalSection(SolutionConfigurationPlatforms) = preSolution
		Debug|Any CPU = Debug|Any CPU
		Release|Any CPU = Release|Any CPU
	EndGlobalSection
	GlobalSection(ProjectConfigurationPlatforms) = postSolution
		{C026A3E5-DDE2-4094-82F7-08CD91BE3608}.Debug|Any CPU.ActiveCfg = Debug|Any CPU
		{C026A3E5-DDE2-4094-82F7-08CD91BE3608}.Debug|Any CPU.Build.0 = Debug|Any CPU
		{C026A3E5-DDE2-4094-82F7-08CD91BE3608}.Release|Any CPU.ActiveCfg = Release|Any CPU
		{C026A3E5-DDE2-4094-82F7-08CD91BE3608}.Release|Any CPU.Build.0 = Release|Any CPU
		{E533F207-E07A-4D21-90BD-95A635E42CCC}.Debug|Any CPU.ActiveCfg = Debug|Any CPU
		{E533F207-E07A-4D21-90BD-95A635E42CCC}.Debug|Any CPU.Build.0 = Debug|Any CPU
		{E533F207-E07A-4D21-90BD-95A635E42CCC}.Release|Any CPU.ActiveCfg = Release|Any CPU
		{E533F207-E07A-4D21-90BD-95A635E42CCC}.Release|Any CPU.Build.0 = Release|Any CPU
		{DCCC4184-857C-4F65-88B3-8E1CCEA8B9E7}.Debug|Any CPU.ActiveCfg = Debug|Any CPU
		{DCCC4184-857C-4F65-88B3-8E1CCEA8B9E7}.Debug|Any CPU.Build.0 = Debug|Any CPU
		{DCCC4184-857C-4F65-88B3-8E1CCEA8B9E7}.Release|Any CPU.ActiveCfg = Release|Any CPU
		{DCCC4184-857C-4F65-88B3-8E1CCEA8B9E7}.Release|Any CPU.Build.0 = Release|Any CPU
	EndGlobalSection
	GlobalSection(SolutionProperties) = preSolution
		HideSolutionNode = FALSE
	EndGlobalSection
	GlobalSection(ExtensibilityGlobals) = postSolution
		SolutionGuid = {6B79F4EC-10A0-467D-9777-ACF47E8F77DB}
	EndGlobalSection
EndGlobal
